// !$*UTF8*$!
{
	archiveVersion = 1;
	classes = {
	};
	objectVersion = 50;
	objects = {

/* Begin PBXBuildFile section */
		61D410F9D51A6CAEF93F11BF /* libPods-PodTestProject-PodTestProjectUITests.a in Frameworks */ = {isa = PBXBuildFile; fileRef = 279FF6F83FDCE1F1EE2D9656 /* libPods-PodTestProject-PodTestProjectUITests.a */; };
		B4D8B20025393D44005FC6CE /* AppDelegate.m in Sources */ = {isa = PBXBuildFile; fileRef = B4D8B1FF25393D44005FC6CE /* AppDelegate.m */; };
		B4D8B20325393D44005FC6CE /* ViewController.m in Sources */ = {isa = PBXBuildFile; fileRef = B4D8B20225393D44005FC6CE /* ViewController.m */; };
		B4D8B20625393D44005FC6CE /* Main.storyboard in Resources */ = {isa = PBXBuildFile; fileRef = B4D8B20425393D44005FC6CE /* Main.storyboard */; };
		B4D8B20825393D46005FC6CE /* Assets.xcassets in Resources */ = {isa = PBXBuildFile; fileRef = B4D8B20725393D46005FC6CE /* Assets.xcassets */; };
		B4D8B20B25393D46005FC6CE /* LaunchScreen.storyboard in Resources */ = {isa = PBXBuildFile; fileRef = B4D8B20925393D46005FC6CE /* LaunchScreen.storyboard */; };
		B4D8B20E25393D46005FC6CE /* main.m in Sources */ = {isa = PBXBuildFile; fileRef = B4D8B20D25393D46005FC6CE /* main.m */; };
		B4D8B21825393D46005FC6CE /* PodTestProjectUITests.m in Sources */ = {isa = PBXBuildFile; fileRef = B4D8B21725393D46005FC6CE /* PodTestProjectUITests.m */; };
		E416176C2363CD2A9B8B12AA /* libPods-PodTestProject.a in Frameworks */ = {isa = PBXBuildFile; fileRef = C0326161F874DCAA88BCEA53 /* libPods-PodTestProject.a */; };
/* End PBXBuildFile section */

/* Begin PBXContainerItemProxy section */
		B4D8B21425393D46005FC6CE /* PBXContainerItemProxy */ = {
			isa = PBXContainerItemProxy;
			containerPortal = B4D8B1F325393D44005FC6CE /* Project object */;
			proxyType = 1;
			remoteGlobalIDString = B4D8B1FA25393D44005FC6CE;
			remoteInfo = PodTestProject;
		};
/* End PBXContainerItemProxy section */

/* Begin PBXCopyFilesBuildPhase section */
		B4D8B23D25400D73005FC6CE /* Embed Frameworks */ = {
			isa = PBXCopyFilesBuildPhase;
			buildActionMask = 2147483647;
			dstPath = "";
			dstSubfolderSpec = 10;
			files = (
			);
			name = "Embed Frameworks";
			runOnlyForDeploymentPostprocessing = 0;
		};
/* End PBXCopyFilesBuildPhase section */

/* Begin PBXFileReference section */
		2145E2C480871004813BDDBD /* Pods-PodTestProject.release.xcconfig */ = {isa = PBXFileReference; includeInIndex = 1; lastKnownFileType = text.xcconfig; name = "Pods-PodTestProject.release.xcconfig"; path = "Target Support Files/Pods-PodTestProject/Pods-PodTestProject.release.xcconfig"; sourceTree = "<group>"; };
		279FF6F83FDCE1F1EE2D9656 /* libPods-PodTestProject-PodTestProjectUITests.a */ = {isa = PBXFileReference; explicitFileType = archive.ar; includeInIndex = 0; path = "libPods-PodTestProject-PodTestProjectUITests.a"; sourceTree = BUILT_PRODUCTS_DIR; };
		46A146FC30B014731BC805D0 /* Pods-PodTestProject-PodTestProjectUITests.debug.xcconfig */ = {isa = PBXFileReference; includeInIndex = 1; lastKnownFileType = text.xcconfig; name = "Pods-PodTestProject-PodTestProjectUITests.debug.xcconfig"; path = "Target Support Files/Pods-PodTestProject-PodTestProjectUITests/Pods-PodTestProject-PodTestProjectUITests.debug.xcconfig"; sourceTree = "<group>"; };
		A602AB4F94E8A0C18CAAE234 /* Pods-PodTestProject.debug.xcconfig */ = {isa = PBXFileReference; includeInIndex = 1; lastKnownFileType = text.xcconfig; name = "Pods-PodTestProject.debug.xcconfig"; path = "Target Support Files/Pods-PodTestProject/Pods-PodTestProject.debug.xcconfig"; sourceTree = "<group>"; };
		B4D8B1FB25393D44005FC6CE /* PodTestProject.app */ = {isa = PBXFileReference; explicitFileType = wrapper.application; includeInIndex = 0; path = PodTestProject.app; sourceTree = BUILT_PRODUCTS_DIR; };
		B4D8B1FE25393D44005FC6CE /* AppDelegate.h */ = {isa = PBXFileReference; lastKnownFileType = sourcecode.c.h; path = AppDelegate.h; sourceTree = "<group>"; };
		B4D8B1FF25393D44005FC6CE /* AppDelegate.m */ = {isa = PBXFileReference; lastKnownFileType = sourcecode.c.objc; path = AppDelegate.m; sourceTree = "<group>"; };
		B4D8B20125393D44005FC6CE /* ViewController.h */ = {isa = PBXFileReference; lastKnownFileType = sourcecode.c.h; path = ViewController.h; sourceTree = "<group>"; };
		B4D8B20225393D44005FC6CE /* ViewController.m */ = {isa = PBXFileReference; lastKnownFileType = sourcecode.c.objc; path = ViewController.m; sourceTree = "<group>"; };
		B4D8B20525393D44005FC6CE /* Base */ = {isa = PBXFileReference; lastKnownFileType = file.storyboard; name = Base; path = Base.lproj/Main.storyboard; sourceTree = "<group>"; };
		B4D8B20725393D46005FC6CE /* Assets.xcassets */ = {isa = PBXFileReference; lastKnownFileType = folder.assetcatalog; path = Assets.xcassets; sourceTree = "<group>"; };
		B4D8B20A25393D46005FC6CE /* Base */ = {isa = PBXFileReference; lastKnownFileType = file.storyboard; name = Base; path = Base.lproj/LaunchScreen.storyboard; sourceTree = "<group>"; };
		B4D8B20C25393D46005FC6CE /* Info.plist */ = {isa = PBXFileReference; lastKnownFileType = text.plist.xml; path = Info.plist; sourceTree = "<group>"; };
		B4D8B20D25393D46005FC6CE /* main.m */ = {isa = PBXFileReference; lastKnownFileType = sourcecode.c.objc; path = main.m; sourceTree = "<group>"; };
		B4D8B21325393D46005FC6CE /* PodTestProjectUITests.xctest */ = {isa = PBXFileReference; explicitFileType = wrapper.cfbundle; includeInIndex = 0; path = PodTestProjectUITests.xctest; sourceTree = BUILT_PRODUCTS_DIR; };
		B4D8B21725393D46005FC6CE /* PodTestProjectUITests.m */ = {isa = PBXFileReference; lastKnownFileType = sourcecode.c.objc; path = PodTestProjectUITests.m; sourceTree = "<group>"; };
		B4D8B21925393D46005FC6CE /* Info.plist */ = {isa = PBXFileReference; lastKnownFileType = text.plist.xml; path = Info.plist; sourceTree = "<group>"; };
		B952555683425F96DD455525 /* Pods-PodTestProject-PodTestProjectUITests.release.xcconfig */ = {isa = PBXFileReference; includeInIndex = 1; lastKnownFileType = text.xcconfig; name = "Pods-PodTestProject-PodTestProjectUITests.release.xcconfig"; path = "Target Support Files/Pods-PodTestProject-PodTestProjectUITests/Pods-PodTestProject-PodTestProjectUITests.release.xcconfig"; sourceTree = "<group>"; };
		C0326161F874DCAA88BCEA53 /* libPods-PodTestProject.a */ = {isa = PBXFileReference; explicitFileType = archive.ar; includeInIndex = 0; path = "libPods-PodTestProject.a"; sourceTree = BUILT_PRODUCTS_DIR; };
/* End PBXFileReference section */

/* Begin PBXFrameworksBuildPhase section */
		B4D8B1F825393D44005FC6CE /* Frameworks */ = {
			isa = PBXFrameworksBuildPhase;
			buildActionMask = 2147483647;
			files = (
				E416176C2363CD2A9B8B12AA /* libPods-PodTestProject.a in Frameworks */,
			);
			runOnlyForDeploymentPostprocessing = 0;
		};
		B4D8B21025393D46005FC6CE /* Frameworks */ = {
			isa = PBXFrameworksBuildPhase;
			buildActionMask = 2147483647;
			files = (
				61D410F9D51A6CAEF93F11BF /* libPods-PodTestProject-PodTestProjectUITests.a in Frameworks */,
			);
			runOnlyForDeploymentPostprocessing = 0;
		};
/* End PBXFrameworksBuildPhase section */

/* Begin PBXGroup section */
		3F2AACC9D793BD1AD8C2DAFD /* Frameworks */ = {
			isa = PBXGroup;
			children = (
				C0326161F874DCAA88BCEA53 /* libPods-PodTestProject.a */,
				279FF6F83FDCE1F1EE2D9656 /* libPods-PodTestProject-PodTestProjectUITests.a */,
			);
			name = Frameworks;
			sourceTree = "<group>";
		};
		902F96C12520151DF26FAC48 /* Pods */ = {
			isa = PBXGroup;
			children = (
				A602AB4F94E8A0C18CAAE234 /* Pods-PodTestProject.debug.xcconfig */,
				2145E2C480871004813BDDBD /* Pods-PodTestProject.release.xcconfig */,
				46A146FC30B014731BC805D0 /* Pods-PodTestProject-PodTestProjectUITests.debug.xcconfig */,
				B952555683425F96DD455525 /* Pods-PodTestProject-PodTestProjectUITests.release.xcconfig */,
			);
			path = Pods;
			sourceTree = "<group>";
		};
		B4D8B1F225393D44005FC6CE = {
			isa = PBXGroup;
			children = (
				B4D8B1FD25393D44005FC6CE /* PodTestProject */,
				B4D8B21625393D46005FC6CE /* PodTestProjectUITests */,
				B4D8B1FC25393D44005FC6CE /* Products */,
				902F96C12520151DF26FAC48 /* Pods */,
				3F2AACC9D793BD1AD8C2DAFD /* Frameworks */,
			);
			sourceTree = "<group>";
		};
		B4D8B1FC25393D44005FC6CE /* Products */ = {
			isa = PBXGroup;
			children = (
				B4D8B1FB25393D44005FC6CE /* PodTestProject.app */,
				B4D8B21325393D46005FC6CE /* PodTestProjectUITests.xctest */,
			);
			name = Products;
			sourceTree = "<group>";
		};
		B4D8B1FD25393D44005FC6CE /* PodTestProject */ = {
			isa = PBXGroup;
			children = (
				B4D8B1FE25393D44005FC6CE /* AppDelegate.h */,
				B4D8B1FF25393D44005FC6CE /* AppDelegate.m */,
				B4D8B20125393D44005FC6CE /* ViewController.h */,
				B4D8B20225393D44005FC6CE /* ViewController.m */,
				B4D8B20425393D44005FC6CE /* Main.storyboard */,
				B4D8B20725393D46005FC6CE /* Assets.xcassets */,
				B4D8B20925393D46005FC6CE /* LaunchScreen.storyboard */,
				B4D8B20C25393D46005FC6CE /* Info.plist */,
				B4D8B20D25393D46005FC6CE /* main.m */,
			);
			path = PodTestProject;
			sourceTree = "<group>";
		};
		B4D8B21625393D46005FC6CE /* PodTestProjectUITests */ = {
			isa = PBXGroup;
			children = (
				B4D8B21725393D46005FC6CE /* PodTestProjectUITests.m */,
				B4D8B21925393D46005FC6CE /* Info.plist */,
			);
			path = PodTestProjectUITests;
			sourceTree = "<group>";
		};
/* End PBXGroup section */

/* Begin PBXNativeTarget section */
		B4D8B1FA25393D44005FC6CE /* PodTestProject */ = {
			isa = PBXNativeTarget;
			buildConfigurationList = B4D8B21C25393D46005FC6CE /* Build configuration list for PBXNativeTarget "PodTestProject" */;
			buildPhases = (
				BDE1F6347446F4EB8C92B8D7 /* [CP] Check Pods Manifest.lock */,
				B4D8B1F725393D44005FC6CE /* Sources */,
				B4D8B1F825393D44005FC6CE /* Frameworks */,
				B4D8B1F925393D44005FC6CE /* Resources */,
				B4D8B23D25400D73005FC6CE /* Embed Frameworks */,
			);
			buildRules = (
			);
			dependencies = (
			);
			name = PodTestProject;
			productName = PodTestProject;
			productReference = B4D8B1FB25393D44005FC6CE /* PodTestProject.app */;
			productType = "com.apple.product-type.application";
		};
		B4D8B21225393D46005FC6CE /* PodTestProjectUITests */ = {
			isa = PBXNativeTarget;
			buildConfigurationList = B4D8B21F25393D46005FC6CE /* Build configuration list for PBXNativeTarget "PodTestProjectUITests" */;
			buildPhases = (
				D454727B2220FEBB80C3E129 /* [CP] Check Pods Manifest.lock */,
				B4D8B20F25393D46005FC6CE /* Sources */,
				B4D8B21025393D46005FC6CE /* Frameworks */,
				B4D8B21125393D46005FC6CE /* Resources */,
			);
			buildRules = (
			);
			dependencies = (
				B4D8B21525393D46005FC6CE /* PBXTargetDependency */,
			);
			name = PodTestProjectUITests;
			productName = PodTestProjectUITests;
			productReference = B4D8B21325393D46005FC6CE /* PodTestProjectUITests.xctest */;
			productType = "com.apple.product-type.bundle.ui-testing";
		};
/* End PBXNativeTarget section */

/* Begin PBXProject section */
		B4D8B1F325393D44005FC6CE /* Project object */ = {
			isa = PBXProject;
			attributes = {
				LastUpgradeCheck = 1010;
				ORGANIZATIONNAME = "叶煌斌";
				TargetAttributes = {
					B4D8B1FA25393D44005FC6CE = {
						CreatedOnToolsVersion = 10.1;
					};
					B4D8B21225393D46005FC6CE = {
						CreatedOnToolsVersion = 10.1;
						TestTargetID = B4D8B1FA25393D44005FC6CE;
					};
				};
			};
			buildConfigurationList = B4D8B1F625393D44005FC6CE /* Build configuration list for PBXProject "PodTestProject" */;
			compatibilityVersion = "Xcode 9.3";
			developmentRegion = en;
			hasScannedForEncodings = 0;
			knownRegions = (
				en,
				Base,
			);
			mainGroup = B4D8B1F225393D44005FC6CE;
			productRefGroup = B4D8B1FC25393D44005FC6CE /* Products */;
			projectDirPath = "";
			projectRoot = "";
			targets = (
				B4D8B1FA25393D44005FC6CE /* PodTestProject */,
				B4D8B21225393D46005FC6CE /* PodTestProjectUITests */,
			);
		};
/* End PBXProject section */

/* Begin PBXResourcesBuildPhase section */
		B4D8B1F925393D44005FC6CE /* Resources */ = {
			isa = PBXResourcesBuildPhase;
			buildActionMask = 2147483647;
			files = (
				B4D8B20B25393D46005FC6CE /* LaunchScreen.storyboard in Resources */,
				B4D8B20825393D46005FC6CE /* Assets.xcassets in Resources */,
				B4D8B20625393D44005FC6CE /* Main.storyboard in Resources */,
			);
			runOnlyForDeploymentPostprocessing = 0;
		};
		B4D8B21125393D46005FC6CE /* Resources */ = {
			isa = PBXResourcesBuildPhase;
			buildActionMask = 2147483647;
			files = (
			);
			runOnlyForDeploymentPostprocessing = 0;
		};
/* End PBXResourcesBuildPhase section */

/* Begin PBXShellScriptBuildPhase section */
		BDE1F6347446F4EB8C92B8D7 /* [CP] Check Pods Manifest.lock */ = {
			isa = PBXShellScriptBuildPhase;
			buildActionMask = 2147483647;
			files = (
			);
			inputFileListPaths = (
			);
			inputPaths = (
				"${PODS_PODFILE_DIR_PATH}/Podfile.lock",
				"${PODS_ROOT}/Manifest.lock",
			);
			name = "[CP] Check Pods Manifest.lock";
			outputFileListPaths = (
			);
			outputPaths = (
				"$(DERIVED_FILE_DIR)/Pods-PodTestProject-checkManifestLockResult.txt",
			);
			runOnlyForDeploymentPostprocessing = 0;
			shellPath = /bin/sh;
			shellScript = "diff \"${PODS_PODFILE_DIR_PATH}/Podfile.lock\" \"${PODS_ROOT}/Manifest.lock\" > /dev/null\nif [ $? != 0 ] ; then\n    # print error to STDERR\n    echo \"error: The sandbox is not in sync with the Podfile.lock. Run 'pod install' or update your CocoaPods installation.\" >&2\n    exit 1\nfi\n# This output is used by Xcode 'outputs' to avoid re-running this script phase.\necho \"SUCCESS\" > \"${SCRIPT_OUTPUT_FILE_0}\"\n";
			showEnvVarsInLog = 0;
		};
		D454727B2220FEBB80C3E129 /* [CP] Check Pods Manifest.lock */ = {
			isa = PBXShellScriptBuildPhase;
			buildActionMask = 2147483647;
			files = (
			);
			inputFileListPaths = (
			);
			inputPaths = (
				"${PODS_PODFILE_DIR_PATH}/Podfile.lock",
				"${PODS_ROOT}/Manifest.lock",
			);
			name = "[CP] Check Pods Manifest.lock";
			outputFileListPaths = (
			);
			outputPaths = (
				"$(DERIVED_FILE_DIR)/Pods-PodTestProject-PodTestProjectUITests-checkManifestLockResult.txt",
			);
			runOnlyForDeploymentPostprocessing = 0;
			shellPath = /bin/sh;
			shellScript = "diff \"${PODS_PODFILE_DIR_PATH}/Podfile.lock\" \"${PODS_ROOT}/Manifest.lock\" > /dev/null\nif [ $? != 0 ] ; then\n    # print error to STDERR\n    echo \"error: The sandbox is not in sync with the Podfile.lock. Run 'pod install' or update your CocoaPods installation.\" >&2\n    exit 1\nfi\n# This output is used by Xcode 'outputs' to avoid re-running this script phase.\necho \"SUCCESS\" > \"${SCRIPT_OUTPUT_FILE_0}\"\n";
			showEnvVarsInLog = 0;
		};
/* End PBXShellScriptBuildPhase section */

/* Begin PBXSourcesBuildPhase section */
		B4D8B1F725393D44005FC6CE /* Sources */ = {
			isa = PBXSourcesBuildPhase;
			buildActionMask = 2147483647;
			files = (
				B4D8B20325393D44005FC6CE /* ViewController.m in Sources */,
				B4D8B20E25393D46005FC6CE /* main.m in Sources */,
				B4D8B20025393D44005FC6CE /* AppDelegate.m in Sources */,
			);
			runOnlyForDeploymentPostprocessing = 0;
		};
		B4D8B20F25393D46005FC6CE /* Sources */ = {
			isa = PBXSourcesBuildPhase;
			buildActionMask = 2147483647;
			files = (
				B4D8B21825393D46005FC6CE /* PodTestProjectUITests.m in Sources */,
			);
			runOnlyForDeploymentPostprocessing = 0;
		};
/* End PBXSourcesBuildPhase section */

/* Begin PBXTargetDependency section */
		B4D8B21525393D46005FC6CE /* PBXTargetDependency */ = {
			isa = PBXTargetDependency;
			target = B4D8B1FA25393D44005FC6CE /* PodTestProject */;
			targetProxy = B4D8B21425393D46005FC6CE /* PBXContainerItemProxy */;
		};
/* End PBXTargetDependency section */

/* Begin PBXVariantGroup section */
		B4D8B20425393D44005FC6CE /* Main.storyboard */ = {
			isa = PBXVariantGroup;
			children = (
				B4D8B20525393D44005FC6CE /* Base */,
			);
			name = Main.storyboard;
			sourceTree = "<group>";
		};
		B4D8B20925393D46005FC6CE /* LaunchScreen.storyboard */ = {
			isa = PBXVariantGroup;
			children = (
				B4D8B20A25393D46005FC6CE /* Base */,
			);
			name = LaunchScreen.storyboard;
			sourceTree = "<group>";
		};
/* End PBXVariantGroup section */

/* Begin XCBuildConfiguration section */
		B4D8B21A25393D46005FC6CE /* Debug */ = {
			isa = XCBuildConfiguration;
			buildSettings = {
				ALWAYS_SEARCH_USER_PATHS = NO;
				CLANG_ANALYZER_NONNULL = YES;
				CLANG_ANALYZER_NUMBER_OBJECT_CONVERSION = YES_AGGRESSIVE;
				CLANG_CXX_LANGUAGE_STANDARD = "gnu++14";
				CLANG_CXX_LIBRARY = "libc++";
				CLANG_ENABLE_MODULES = YES;
				CLANG_ENABLE_OBJC_ARC = YES;
				CLANG_ENABLE_OBJC_WEAK = YES;
				CLANG_WARN_BLOCK_CAPTURE_AUTORELEASING = YES;
				CLANG_WARN_BOOL_CONVERSION = YES;
				CLANG_WARN_COMMA = YES;
				CLANG_WARN_CONSTANT_CONVERSION = YES;
				CLANG_WARN_DEPRECATED_OBJC_IMPLEMENTATIONS = YES;
				CLANG_WARN_DIRECT_OBJC_ISA_USAGE = YES_ERROR;
				CLANG_WARN_DOCUMENTATION_COMMENTS = YES;
				CLANG_WARN_EMPTY_BODY = YES;
				CLANG_WARN_ENUM_CONVERSION = YES;
				CLANG_WARN_INFINITE_RECURSION = YES;
				CLANG_WARN_INT_CONVERSION = YES;
				CLANG_WARN_NON_LITERAL_NULL_CONVERSION = YES;
				CLANG_WARN_OBJC_IMPLICIT_RETAIN_SELF = YES;
				CLANG_WARN_OBJC_LITERAL_CONVERSION = YES;
				CLANG_WARN_OBJC_ROOT_CLASS = YES_ERROR;
				CLANG_WARN_RANGE_LOOP_ANALYSIS = YES;
				CLANG_WARN_STRICT_PROTOTYPES = YES;
				CLANG_WARN_SUSPICIOUS_MOVE = YES;
				CLANG_WARN_UNGUARDED_AVAILABILITY = YES_AGGRESSIVE;
				CLANG_WARN_UNREACHABLE_CODE = YES;
				CLANG_WARN__DUPLICATE_METHOD_MATCH = YES;
				CODE_SIGN_IDENTITY = "iPhone Developer";
				COPY_PHASE_STRIP = NO;
				DEBUG_INFORMATION_FORMAT = dwarf;
				ENABLE_STRICT_OBJC_MSGSEND = YES;
				ENABLE_TESTABILITY = YES;
				GCC_C_LANGUAGE_STANDARD = gnu11;
				GCC_DYNAMIC_NO_PIC = NO;
				GCC_NO_COMMON_BLOCKS = YES;
				GCC_OPTIMIZATION_LEVEL = 0;
				GCC_PREPROCESSOR_DEFINITIONS = (
					"DEBUG=1",
					"$(inherited)",
				);
				GCC_WARN_64_TO_32_BIT_CONVERSION = YES;
				GCC_WARN_ABOUT_RETURN_TYPE = YES_ERROR;
				GCC_WARN_UNDECLARED_SELECTOR = YES;
				GCC_WARN_UNINITIALIZED_AUTOS = YES_AGGRESSIVE;
				GCC_WARN_UNUSED_FUNCTION = YES;
				GCC_WARN_UNUSED_VARIABLE = YES;
				IPHONEOS_DEPLOYMENT_TARGET = 12.1;
				MTL_ENABLE_DEBUG_INFO = INCLUDE_SOURCE;
				MTL_FAST_MATH = YES;
				ONLY_ACTIVE_ARCH = YES;
				SDKROOT = iphoneos;
			};
			name = Debug;
		};
		B4D8B21B25393D46005FC6CE /* Release */ = {
			isa = XCBuildConfiguration;
			buildSettings = {
				ALWAYS_SEARCH_USER_PATHS = NO;
				CLANG_ANALYZER_NONNULL = YES;
				CLANG_ANALYZER_NUMBER_OBJECT_CONVERSION = YES_AGGRESSIVE;
				CLANG_CXX_LANGUAGE_STANDARD = "gnu++14";
				CLANG_CXX_LIBRARY = "libc++";
				CLANG_ENABLE_MODULES = YES;
				CLANG_ENABLE_OBJC_ARC = YES;
				CLANG_ENABLE_OBJC_WEAK = YES;
				CLANG_WARN_BLOCK_CAPTURE_AUTORELEASING = YES;
				CLANG_WARN_BOOL_CONVERSION = YES;
				CLANG_WARN_COMMA = YES;
				CLANG_WARN_CONSTANT_CONVERSION = YES;
				CLANG_WARN_DEPRECATED_OBJC_IMPLEMENTATIONS = YES;
				CLANG_WARN_DIRECT_OBJC_ISA_USAGE = YES_ERROR;
				CLANG_WARN_DOCUMENTATION_COMMENTS = YES;
				CLANG_WARN_EMPTY_BODY = YES;
				CLANG_WARN_ENUM_CONVERSION = YES;
				CLANG_WARN_INFINITE_RECURSION = YES;
				CLANG_WARN_INT_CONVERSION = YES;
				CLANG_WARN_NON_LITERAL_NULL_CONVERSION = YES;
				CLANG_WARN_OBJC_IMPLICIT_RETAIN_SELF = YES;
				CLANG_WARN_OBJC_LITERAL_CONVERSION = YES;
				CLANG_WARN_OBJC_ROOT_CLASS = YES_ERROR;
				CLANG_WARN_RANGE_LOOP_ANALYSIS = YES;
				CLANG_WARN_STRICT_PROTOTYPES = YES;
				CLANG_WARN_SUSPICIOUS_MOVE = YES;
				CLANG_WARN_UNGUARDED_AVAILABILITY = YES_AGGRESSIVE;
				CLANG_WARN_UNREACHABLE_CODE = YES;
				CLANG_WARN__DUPLICATE_METHOD_MATCH = YES;
				CODE_SIGN_IDENTITY = "iPhone Developer";
				COPY_PHASE_STRIP = NO;
				DEBUG_INFORMATION_FORMAT = "dwarf-with-dsym";
				ENABLE_NS_ASSERTIONS = NO;
				ENABLE_STRICT_OBJC_MSGSEND = YES;
				GCC_C_LANGUAGE_STANDARD = gnu11;
				GCC_NO_COMMON_BLOCKS = YES;
				GCC_WARN_64_TO_32_BIT_CONVERSION = YES;
				GCC_WARN_ABOUT_RETURN_TYPE = YES_ERROR;
				GCC_WARN_UNDECLARED_SELECTOR = YES;
				GCC_WARN_UNINITIALIZED_AUTOS = YES_AGGRESSIVE;
				GCC_WARN_UNUSED_FUNCTION = YES;
				GCC_WARN_UNUSED_VARIABLE = YES;
				IPHONEOS_DEPLOYMENT_TARGET = 12.1;
				MTL_ENABLE_DEBUG_INFO = NO;
				MTL_FAST_MATH = YES;
				SDKROOT = iphoneos;
				VALIDATE_PRODUCT = YES;
			};
			name = Release;
		};
		B4D8B21D25393D46005FC6CE /* Debug */ = {
			isa = XCBuildConfiguration;
			baseConfigurationReference = A602AB4F94E8A0C18CAAE234 /* Pods-PodTestProject.debug.xcconfig */;
			buildSettings = {
				ASSETCATALOG_COMPILER_APPICON_NAME = AppIcon;
				CODE_SIGN_STYLE = Automatic;
				DEVELOPMENT_TEAM = 2XV53X9VXU;
				INFOPLIST_FILE = PodTestProject/Info.plist;
				LD_RUNPATH_SEARCH_PATHS = (
					"$(inherited)",
					"@executable_path/Frameworks",
				);
				PRODUCT_BUNDLE_IDENTIFIER = com.yhb.PodTestProject;
				PRODUCT_NAME = "$(TARGET_NAME)";
				TARGETED_DEVICE_FAMILY = "1,2";
			};
			name = Debug;
		};
		B4D8B21E25393D46005FC6CE /* Release */ = {
			isa = XCBuildConfiguration;
			baseConfigurationReference = 2145E2C480871004813BDDBD /* Pods-PodTestProject.release.xcconfig */;
			buildSettings = {
				ASSETCATALOG_COMPILER_APPICON_NAME = AppIcon;
				CODE_SIGN_STYLE = Automatic;
				DEVELOPMENT_TEAM = 2XV53X9VXU;
				INFOPLIST_FILE = PodTestProject/Info.plist;
				LD_RUNPATH_SEARCH_PATHS = (
					"$(inherited)",
					"@executable_path/Frameworks",
				);
				PRODUCT_BUNDLE_IDENTIFIER = com.yhb.PodTestProject;
				PRODUCT_NAME = "$(TARGET_NAME)";
				TARGETED_DEVICE_FAMILY = "1,2";
			};
			name = Release;
		};
		B4D8B22025393D46005FC6CE /* Debug */ = {
			isa = XCBuildConfiguration;
			baseConfigurationReference = 46A146FC30B014731BC805D0 /* Pods-PodTestProject-PodTestProjectUITests.debug.xcconfig */;
			buildSettings = {
				CODE_SIGN_STYLE = Automatic;
				DEVELOPMENT_TEAM = 2XV53X9VXU;
				INFOPLIST_FILE = PodTestProjectUITests/Info.plist;
				LD_RUNPATH_SEARCH_PATHS = (
					"$(inherited)",
					"@executable_path/Frameworks",
					"@loader_path/Frameworks",
				);
				PRODUCT_BUNDLE_IDENTIFIER = com.yhb.PodTestProjectUITests;
				PRODUCT_NAME = "$(TARGET_NAME)";
				TARGETED_DEVICE_FAMILY = "1,2";
				TEST_TARGET_NAME = PodTestProject;
			};
			name = Debug;
		};
		B4D8B22125393D46005FC6CE /* Release */ = {
			isa = XCBuildConfiguration;
			baseConfigurationReference = B952555683425F96DD455525 /* Pods-PodTestProject-PodTestProjectUITests.release.xcconfig */;
			buildSettings = {
				CODE_SIGN_STYLE = Automatic;
				DEVELOPMENT_TEAM = 2XV53X9VXU;
				INFOPLIST_FILE = PodTestProjectUITests/Info.plist;
				LD_RUNPATH_SEARCH_PATHS = (
					"$(inherited)",
					"@executable_path/Frameworks",
					"@loader_path/Frameworks",
				);
				PRODUCT_BUNDLE_IDENTIFIER = com.yhb.PodTestProjectUITests;
				PRODUCT_NAME = "$(TARGET_NAME)";
				TARGETED_DEVICE_FAMILY = "1,2";
				TEST_TARGET_NAME = PodTestProject;
			};
			name = Release;
		};
/* End XCBuildConfiguration section */

/* Begin XCConfigurationList section */
		B4D8B1F625393D44005FC6CE /* Build configuration list for PBXProject "PodTestProject" */ = {
			isa = XCConfigurationList;
			buildConfigurations = (
				B4D8B21A25393D46005FC6CE /* Debug */,
				B4D8B21B25393D46005FC6CE /* Release */,
			);
			defaultConfigurationIsVisible = 0;
			defaultConfigurationName = Release;
		};
		B4D8B21C25393D46005FC6CE /* Build configuration list for PBXNativeTarget "PodTestProject" */ = {
			isa = XCConfigurationList;
			buildConfigurations = (
				B4D8B21D25393D46005FC6CE /* Debug */,
				B4D8B21E25393D46005FC6CE /* Release */,
			);
			defaultConfigurationIsVisible = 0;
			defaultConfigurationName = Release;
		};
		B4D8B21F25393D46005FC6CE /* Build configuration list for PBXNativeTarget "PodTestProjectUITests" */ = {
			isa = XCConfigurationList;
			buildConfigurations = (
				B4D8B22025393D46005FC6CE /* Debug */,
				B4D8B22125393D46005FC6CE /* Release */,
			);
			defaultConfigurationIsVisible = 0;
			defaultConfigurationName = Release;
		};
/* End XCConfigurationList section */
	};
	rootObject = B4D8B1F325393D44005FC6CE /* Project object */;
}
